# THIS IS AN AUTOGENERATED FILE. DO NOT EDIT THIS FILE DIRECTLY.
# yarn lockfile v1


esbuild@^0.5.26:
  version "0.5.26"
  resolved "https://registry.yarnpkg.com/esbuild/-/esbuild-0.5.26.tgz#0868e8f3e0938c6cb9a8c93e74f85900eff1a071"
  integrity sha512-OopLmIbQNOWBWMBoOtHjDEaIiTI2okEpRkbiKccfatnXJtsGazwWhR0dmvY8ynjLx/BOPS9mQ6QFl7J1BQCcaQ==

typescript@^3.9.7:
  version "3.9.7"
  resolved "https://registry.yarnpkg.com/typescript/-/typescript-3.9.7.tgz#98d600a5ebdc38f40cb277522f12dc800e9e25fa"
  integrity sha512-BLbiRkiBzAwsjut4x/dsibSTB6yWpwT5qWmC2OfuCg3GgVQCSgMs4vEctYPhsaGtd0AeuuHMkjZ2h2WG8MSzRw==
